Microsoft Visual Studio Solution File, Format Version 12.00
# Visual Studio Version 17
VisualStudioVersion = 17.5.2.0
MinimumVisualStudioVersion = 10.0.40219.1
Project("{2150E333-8FDC-42A3-9474-1A3956D46DE8}") = "todo-app", "todo-app", "{A60CE111-AE91-4AEC-9924-C74F67D7B8D5}"
EndProject
Project("{2150E333-8FDC-42A3-9474-1A3956D46DE8}") = "webapp", "webapp", "{BEBA72E0-D4C7-236F-0275-CD62A37A1F8C}"
EndProject
Project("{FAE04EC0-301F-11D3-BF4B-00C04F79EFBC}") = "TodoApp", "todo-app\webapp\TodoApp\TodoApp.csproj", "{9640AB8E-73EB-D468-697B-A767012C395C}"
EndProject
Global
	GlobalSection(SolutionConfigurationPlatforms) = preSolution
		Debug|Any CPU = Debug|Any CPU
		Release|Any CPU = Release|Any CPU
	EndGlobalSection
	GlobalSection(ProjectConfigurationPlatforms) = postSolution
		{9640AB8E-73EB-D468-697B-A767012C395C}.Debug|Any CPU.ActiveCfg = Debug|Any CPU
		{9640AB8E-73EB-D468-697B-A767012C395C}.Debug|Any CPU.Build.0 = Debug|Any CPU
		{9640AB8E-73EB-D468-697B-A767012C395C}.Release|Any CPU.ActiveCfg = Release|Any CPU
		{9640AB8E-73EB-D468-697B-A767012C395C}.Release|Any CPU.Build.0 = Release|Any CPU
	EndGlobalSection
	GlobalSection(SolutionProperties) = preSolution
		HideSolutionNode = FALSE
	EndGlobalSection
	GlobalSection(NestedProjects) = preSolution
		{BEBA72E0-D4C7-236F-0275-CD62A37A1F8C} = {A60CE111-AE91-4AEC-9924-C74F67D7B8D5}
		{9640AB8E-73EB-D468-697B-A767012C395C} = {BEBA72E0-D4C7-236F-0275-CD62A37A1F8C}
	EndGlobalSection
	GlobalSection(ExtensibilityGlobals) = postSolution
		SolutionGuid = {D7F043AE-157F-4632-B638-7BD659A309BA}
	EndGlobalSection
EndGlobal
