Microsoft Visual Studio Solution File, Format Version 12.00
# Visual Studio Version 17
VisualStudioVersion = 17.5.2.0
MinimumVisualStudioVersion = 10.0.40219.1
Project("{2150E333-8FDC-42A3-9474-1A3956D46DE8}") = "todo-app", "todo-app", "{A60CE111-AE91-4AEC-9924-C74F67D7B8D5}"
EndProject
Project("{FAE04EC0-301F-11D3-BF4B-00C04F79EFBC}") = "TodoApp", "todo-app\webapp\TodoApp.csproj", "{BB3FC3CB-486B-FD3C-D400-5D93AF7AF5FF}"
EndProject
Global
	GlobalSection(SolutionConfigurationPlatforms) = preSolution
		Debug|Any CPU = Debug|Any CPU
		Release|Any CPU = Release|Any CPU
	EndGlobalSection
	GlobalSection(ProjectConfigurationPlatforms) = postSolution
		{BB3FC3CB-486B-FD3C-D400-5D93AF7AF5FF}.Debug|Any CPU.ActiveCfg = Debug|Any CPU
		{BB3FC3CB-486B-FD3C-D400-5D93AF7AF5FF}.Debug|Any CPU.Build.0 = Debug|Any CPU
		{BB3FC3CB-486B-FD3C-D400-5D93AF7AF5FF}.Release|Any CPU.ActiveCfg = Release|Any CPU
		{BB3FC3CB-486B-FD3C-D400-5D93AF7AF5FF}.Release|Any CPU.Build.0 = Release|Any CPU
	EndGlobalSection
	GlobalSection(SolutionProperties) = preSolution
		HideSolutionNode = FALSE
	EndGlobalSection
	GlobalSection(NestedProjects) = preSolution
		{BB3FC3CB-486B-FD3C-D400-5D93AF7AF5FF} = {A60CE111-AE91-4AEC-9924-C74F67D7B8D5}
	EndGlobalSection
	GlobalSection(ExtensibilityGlobals) = postSolution
		SolutionGuid = {4419D9E0-1F3E-4C90-AEC7-007063F7ACAE}
	EndGlobalSection
EndGlobal
